
Microsoft Visual Studio Solution File, Format Version 12.00
# Visual Studio Version 16
VisualStudioVersion = 16.0.30503.244
MinimumVisualStudioVersion = 10.0.40219.1
Project("{FAE04EC0-301F-11D3-BF4B-00C04F79EFBC}") = "Evolúciós algoritmus", "Evolúciós algoritmus\Evolúciós algoritmus.csproj", "{3B6CC0BF-5C93-415E-9EEE-FB135AD37263}"
EndProject
Global
	GlobalSection(SolutionConfigurationPlatforms) = preSolution
		Debug|Any CPU = Debug|Any CPU
		Release|Any CPU = Release|Any CPU
	EndGlobalSection
	GlobalSection(ProjectConfigurationPlatforms) = postSolution
		{3B6CC0BF-5C93-415E-9EEE-FB135AD37263}.Debug|Any CPU.ActiveCfg = Debug|Any CPU
		{3B6CC0BF-5C93-415E-9EEE-FB135AD37263}.Debug|Any CPU.Build.0 = Debug|Any CPU
		{3B6CC0BF-5C93-415E-9EEE-FB135AD37263}.Release|Any CPU.ActiveCfg = Release|Any CPU
		{3B6CC0BF-5C93-415E-9EEE-FB135AD37263}.Release|Any CPU.Build.0 = Release|Any CPU
	EndGlobalSection
	GlobalSection(SolutionProperties) = preSolution
		HideSolutionNode = FALSE
	EndGlobalSection
	GlobalSection(ExtensibilityGlobals) = postSolution
		SolutionGuid = {179B2907-E509-4FDC-9E17-992304364BE2}
	EndGlobalSection
EndGlobal
