
Microsoft Visual Studio Solution File, Format Version 12.00
# Visual Studio Version 16
VisualStudioVersion = 16.0.30503.244
MinimumVisualStudioVersion = 10.0.40219.1
Project("{FAE04EC0-301F-11D3-BF4B-00C04F79EFBC}") = "excelgeneral", "excelgeneral\excelgeneral.csproj", "{5F729C8A-7CAD-48CF-858A-2271C241D299}"
EndProject
Global
	GlobalSection(SolutionConfigurationPlatforms) = preSolution
		Debug|Any CPU = Debug|Any CPU
		Release|Any CPU = Release|Any CPU
	EndGlobalSection
	GlobalSection(ProjectConfigurationPlatforms) = postSolution
		{5F729C8A-7CAD-48CF-858A-2271C241D299}.Debug|Any CPU.ActiveCfg = Debug|Any CPU
		{5F729C8A-7CAD-48CF-858A-2271C241D299}.Debug|Any CPU.Build.0 = Debug|Any CPU
		{5F729C8A-7CAD-48CF-858A-2271C241D299}.Release|Any CPU.ActiveCfg = Release|Any CPU
		{5F729C8A-7CAD-48CF-858A-2271C241D299}.Release|Any CPU.Build.0 = Release|Any CPU
	EndGlobalSection
	GlobalSection(SolutionProperties) = preSolution
		HideSolutionNode = FALSE
	EndGlobalSection
	GlobalSection(ExtensibilityGlobals) = postSolution
		SolutionGuid = {C1D4E916-5458-4EF7-946D-4EFEA727C5D0}
	EndGlobalSection
EndGlobal
