
Microsoft Visual Studio Solution File, Format Version 12.00
# Visual Studio Version 16
VisualStudioVersion = 16.0.30503.244
MinimumVisualStudioVersion = 10.0.40219.1
Project("{FAE04EC0-301F-11D3-BF4B-00C04F79EFBC}") = "Mikroszimuláció", "Mikroszimuláció\Mikroszimuláció.csproj", "{66A08463-B427-4E64-8FBB-CCA9C38F2DB3}"
EndProject
Global
	GlobalSection(SolutionConfigurationPlatforms) = preSolution
		Debug|Any CPU = Debug|Any CPU
		Release|Any CPU = Release|Any CPU
	EndGlobalSection
	GlobalSection(ProjectConfigurationPlatforms) = postSolution
		{66A08463-B427-4E64-8FBB-CCA9C38F2DB3}.Debug|Any CPU.ActiveCfg = Debug|Any CPU
		{66A08463-B427-4E64-8FBB-CCA9C38F2DB3}.Debug|Any CPU.Build.0 = Debug|Any CPU
		{66A08463-B427-4E64-8FBB-CCA9C38F2DB3}.Release|Any CPU.ActiveCfg = Release|Any CPU
		{66A08463-B427-4E64-8FBB-CCA9C38F2DB3}.Release|Any CPU.Build.0 = Release|Any CPU
	EndGlobalSection
	GlobalSection(SolutionProperties) = preSolution
		HideSolutionNode = FALSE
	EndGlobalSection
	GlobalSection(ExtensibilityGlobals) = postSolution
		SolutionGuid = {C39C1667-F32D-4813-8779-66233C0D8466}
	EndGlobalSection
EndGlobal
